// !$*UTF8*$!
{
	archiveVersion = 1;
	classes = {
	};
	objectVersion = 56;
	objects = {

/* Begin PBXBuildFile section */
		CD9DA1F02B76A96D00F1EC7A /* colorgameApp.swift in Sources */ = {isa = PBXBuildFile; fileRef = CD9DA1EF2B76A96D00F1EC7A /* colorgameApp.swift */; };
		CD9DA1F22B76A96D00F1EC7A /* ContentView.swift in Sources */ = {isa = PBXBuildFile; fileRef = CD9DA1F12B76A96D00F1EC7A /* ContentView.swift */; };
		CD9DA1F42B76A97000F1EC7A /* Assets.xcassets in Resources */ = {isa = PBXBuildFile; fileRef = CD9DA1F32B76A97000F1EC7A /* Assets.xcassets */; };
		CD9DA1F72B76A97000F1EC7A /* Preview Assets.xcassets in Resources */ = {isa = PBXBuildFile; fileRef = CD9DA1F62B76A97000F1EC7A /* Preview Assets.xcassets */; };
		CD9DA2012B76A97000F1EC7A /* colorgameTests.swift in Sources */ = {isa = PBXBuildFile; fileRef = CD9DA2002B76A97000F1EC7A /* colorgameTests.swift */; };
		CD9DA20B2B76A97100F1EC7A /* colorgameUITests.swift in Sources */ = {isa = PBXBuildFile; fileRef = CD9DA20A2B76A97100F1EC7A /* colorgameUITests.swift */; };
		CD9DA20D2B76A97100F1EC7A /* colorgameUITestsLaunchTests.swift in Sources */ = {isa = PBXBuildFile; fileRef = CD9DA20C2B76A97100F1EC7A /* colorgameUITestsLaunchTests.swift */; };
/* End PBXBuildFile section */

/* Begin PBXContainerItemProxy section */
		CD9DA1FD2B76A97000F1EC7A /* PBXContainerItemProxy */ = {
			isa = PBXContainerItemProxy;
			containerPortal = CD9DA1E42B76A96D00F1EC7A /* Project object */;
			proxyType = 1;
			remoteGlobalIDString = CD9DA1EB2B76A96D00F1EC7A;
			remoteInfo = colorgame;
		};
		CD9DA2072B76A97100F1EC7A /* PBXContainerItemProxy */ = {
			isa = PBXContainerItemProxy;
			containerPortal = CD9DA1E42B76A96D00F1EC7A /* Project object */;
			proxyType = 1;
			remoteGlobalIDString = CD9DA1EB2B76A96D00F1EC7A;
			remoteInfo = colorgame;
		};
/* End PBXContainerItemProxy section */

/* Begin PBXFileReference section */
		CD9DA1EC2B76A96D00F1EC7A /* colorgame.app */ = {isa = PBXFileReference; explicitFileType = wrapper.application; includeInIndex = 0; path = colorgame.app; sourceTree = BUILT_PRODUCTS_DIR; };
		CD9DA1EF2B76A96D00F1EC7A /* colorgameApp.swift */ = {isa = PBXFileReference; lastKnownFileType = sourcecode.swift; path = colorgameApp.swift; sourceTree = "<group>"; };
		CD9DA1F12B76A96D00F1EC7A /* ContentView.swift */ = {isa = PBXFileReference; lastKnownFileType = sourcecode.swift; path = ContentView.swift; sourceTree = "<group>"; };
		CD9DA1F32B76A97000F1EC7A /* Assets.xcassets */ = {isa = PBXFileReference; lastKnownFileType = folder.assetcatalog; path = Assets.xcassets; sourceTree = "<group>"; };
		CD9DA1F62B76A97000F1EC7A /* Preview Assets.xcassets */ = {isa = PBXFileReference; lastKnownFileType = folder.assetcatalog; path = "Preview Assets.xcassets"; sourceTree = "<group>"; };
		CD9DA1FC2B76A97000F1EC7A /* colorgameTests.xctest */ = {isa = PBXFileReference; explicitFileType = wrapper.cfbundle; includeInIndex = 0; path = colorgameTests.xctest; sourceTree = BUILT_PRODUCTS_DIR; };
		CD9DA2002B76A97000F1EC7A /* colorgameTests.swift */ = {isa = PBXFileReference; lastKnownFileType = sourcecode.swift; path = colorgameTests.swift; sourceTree = "<group>"; };
		CD9DA2062B76A97000F1EC7A /* colorgameUITests.xctest */ = {isa = PBXFileReference; explicitFileType = wrapper.cfbundle; includeInIndex = 0; path = colorgameUITests.xctest; sourceTree = BUILT_PRODUCTS_DIR; };
		CD9DA20A2B76A97100F1EC7A /* colorgameUITests.swift */ = {isa = PBXFileReference; lastKnownFileType = sourcecode.swift; path = colorgameUITests.swift; sourceTree = "<group>"; };
		CD9DA20C2B76A97100F1EC7A /* colorgameUITestsLaunchTests.swift */ = {isa = PBXFileReference; lastKnownFileType = sourcecode.swift; path = colorgameUITestsLaunchTests.swift; sourceTree = "<group>"; };
/* End PBXFileReference section */

/* Begin PBXFrameworksBuildPhase section */
		CD9DA1E92B76A96D00F1EC7A /* Frameworks */ = {
			isa = PBXFrameworksBuildPhase;
			buildActionMask = 2147483647;
			files = (
			);
			runOnlyForDeploymentPostprocessing = 0;
		};
		CD9DA1F92B76A97000F1EC7A /* Frameworks */ = {
			isa = PBXFrameworksBuildPhase;
			buildActionMask = 2147483647;
			files = (
			);
			runOnlyForDeploymentPostprocessing = 0;
		};
		CD9DA2032B76A97000F1EC7A /* Frameworks */ = {
			isa = PBXFrameworksBuildPhase;
			buildActionMask = 2147483647;
			files = (
			);
			runOnlyForDeploymentPostprocessing = 0;
		};
/* End PBXFrameworksBuildPhase section */

/* Begin PBXGroup section */
		CD9DA1E32B76A96D00F1EC7A = {
			isa = PBXGroup;
			children = (
				CD9DA1EE2B76A96D00F1EC7A /* colorgame */,
				CD9DA1FF2B76A97000F1EC7A /* colorgameTests */,
				CD9DA2092B76A97100F1EC7A /* colorgameUITests */,
				CD9DA1ED2B76A96D00F1EC7A /* Products */,
			);
			sourceTree = "<group>";
		};
		CD9DA1ED2B76A96D00F1EC7A /* Products */ = {
			isa = PBXGroup;
			children = (
				CD9DA1EC2B76A96D00F1EC7A /* colorgame.app */,
				CD9DA1FC2B76A97000F1EC7A /* colorgameTests.xctest */,
				CD9DA2062B76A97000F1EC7A /* colorgameUITests.xctest */,
			);
			name = Products;
			sourceTree = "<group>";
		};
		CD9DA1EE2B76A96D00F1EC7A /* colorgame */ = {
			isa = PBXGroup;
			children = (
				CD9DA1EF2B76A96D00F1EC7A /* colorgameApp.swift */,
				CD9DA1F12B76A96D00F1EC7A /* ContentView.swift */,
				CD9DA1F32B76A97000F1EC7A /* Assets.xcassets */,
				CD9DA1F52B76A97000F1EC7A /* Preview Content */,
			);
			path = colorgame;
			sourceTree = "<group>";
		};
		CD9DA1F52B76A97000F1EC7A /* Preview Content */ = {
			isa = PBXGroup;
			children = (
				CD9DA1F62B76A97000F1EC7A /* Preview Assets.xcassets */,
			);
			path = "Preview Content";
			sourceTree = "<group>";
		};
		CD9DA1FF2B76A97000F1EC7A /* colorgameTests */ = {
			isa = PBXGroup;
			children = (
				CD9DA2002B76A97000F1EC7A /* colorgameTests.swift */,
			);
			path = colorgameTests;
			sourceTree = "<group>";
		};
		CD9DA2092B76A97100F1EC7A /* colorgameUITests */ = {
			isa = PBXGroup;
			children = (
				CD9DA20A2B76A97100F1EC7A /* colorgameUITests.swift */,
				CD9DA20C2B76A97100F1EC7A /* colorgameUITestsLaunchTests.swift */,
			);
			path = colorgameUITests;
			sourceTree = "<group>";
		};
/* End PBXGroup section */

/* Begin PBXNativeTarget section */
		CD9DA1EB2B76A96D00F1EC7A /* colorgame */ = {
			isa = PBXNativeTarget;
			buildConfigurationList = CD9DA2102B76A97100F1EC7A /* Build configuration list for PBXNativeTarget "colorgame" */;
			buildPhases = (
				CD9DA1E82B76A96D00F1EC7A /* Sources */,
				CD9DA1E92B76A96D00F1EC7A /* Frameworks */,
				CD9DA1EA2B76A96D00F1EC7A /* Resources */,
			);
			buildRules = (
			);
			dependencies = (
			);
			name = colorgame;
			productName = colorgame;
			productReference = CD9DA1EC2B76A96D00F1EC7A /* colorgame.app */;
			productType = "com.apple.product-type.application";
		};
		CD9DA1FB2B76A97000F1EC7A /* colorgameTests */ = {
			isa = PBXNativeTarget;
			buildConfigurationList = CD9DA2132B76A97100F1EC7A /* Build configuration list for PBXNativeTarget "colorgameTests" */;
			buildPhases = (
				CD9DA1F82B76A97000F1EC7A /* Sources */,
				CD9DA1F92B76A97000F1EC7A /* Frameworks */,
				CD9DA1FA2B76A97000F1EC7A /* Resources */,
			);
			buildRules = (
			);
			dependencies = (
				CD9DA1FE2B76A97000F1EC7A /* PBXTargetDependency */,
			);
			name = colorgameTests;
			productName = colorgameTests;
			productReference = CD9DA1FC2B76A97000F1EC7A /* colorgameTests.xctest */;
			productType = "com.apple.product-type.bundle.unit-test";
		};
		CD9DA2052B76A97000F1EC7A /* colorgameUITests */ = {
			isa = PBXNativeTarget;
			buildConfigurationList = CD9DA2162B76A97100F1EC7A /* Build configuration list for PBXNativeTarget "colorgameUITests" */;
			buildPhases = (
				CD9DA2022B76A97000F1EC7A /* Sources */,
				CD9DA2032B76A97000F1EC7A /* Frameworks */,
				CD9DA2042B76A97000F1EC7A /* Resources */,
			);
			buildRules = (
			);
			dependencies = (
				CD9DA2082B76A97100F1EC7A /* PBXTargetDependency */,
			);
			name = colorgameUITests;
			productName = colorgameUITests;
			productReference = CD9DA2062B76A97000F1EC7A /* colorgameUITests.xctest */;
			productType = "com.apple.product-type.bundle.ui-testing";
		};
/* End PBXNativeTarget section */

/* Begin PBXProject section */
		CD9DA1E42B76A96D00F1EC7A /* Project object */ = {
			isa = PBXProject;
			attributes = {
				BuildIndependentTargetsInParallel = 1;
				LastSwiftUpdateCheck = 1520;
				LastUpgradeCheck = 1520;
				TargetAttributes = {
					CD9DA1EB2B76A96D00F1EC7A = {
						CreatedOnToolsVersion = 15.2;
					};
					CD9DA1FB2B76A97000F1EC7A = {
						CreatedOnToolsVersion = 15.2;
						TestTargetID = CD9DA1EB2B76A96D00F1EC7A;
					};
					CD9DA2052B76A97000F1EC7A = {
						CreatedOnToolsVersion = 15.2;
						TestTargetID = CD9DA1EB2B76A96D00F1EC7A;
					};
				};
			};
			buildConfigurationList = CD9DA1E72B76A96D00F1EC7A /* Build configuration list for PBXProject "colorgame" */;
			compatibilityVersion = "Xcode 14.0";
			developmentRegion = en;
			hasScannedForEncodings = 0;
			knownRegions = (
				en,
				Base,
			);
			mainGroup = CD9DA1E32B76A96D00F1EC7A;
			productRefGroup = CD9DA1ED2B76A96D00F1EC7A /* Products */;
			projectDirPath = "";
			projectRoot = "";
			targets = (
				CD9DA1EB2B76A96D00F1EC7A /* colorgame */,
				CD9DA1FB2B76A97000F1EC7A /* colorgameTests */,
				CD9DA2052B76A97000F1EC7A /* colorgameUITests */,
			);
		};
/* End PBXProject section */

/* Begin PBXResourcesBuildPhase section */
		CD9DA1EA2B76A96D00F1EC7A /* Resources */ = {
			isa = PBXResourcesBuildPhase;
			buildActionMask = 2147483647;
			files = (
				CD9DA1F72B76A97000F1EC7A /* Preview Assets.xcassets in Resources */,
				CD9DA1F42B76A97000F1EC7A /* Assets.xcassets in Resources */,
			);
			runOnlyForDeploymentPostprocessing = 0;
		};
		CD9DA1FA2B76A97000F1EC7A /* Resources */ = {
			isa = PBXResourcesBuildPhase;
			buildActionMask = 2147483647;
			files = (
			);
			runOnlyForDeploymentPostprocessing = 0;
		};
		CD9DA2042B76A97000F1EC7A /* Resources */ = {
			isa = PBXResourcesBuildPhase;
			buildActionMask = 2147483647;
			files = (
			);
			runOnlyForDeploymentPostprocessing = 0;
		};
/* End PBXResourcesBuildPhase section */

/* Begin PBXSourcesBuildPhase section */
		CD9DA1E82B76A96D00F1EC7A /* Sources */ = {
			isa = PBXSourcesBuildPhase;
			buildActionMask = 2147483647;
			files = (
				CD9DA1F22B76A96D00F1EC7A /* ContentView.swift in Sources */,
				CD9DA1F02B76A96D00F1EC7A /* colorgameApp.swift in Sources */,
			);
			runOnlyForDeploymentPostprocessing = 0;
		};
		CD9DA1F82B76A97000F1EC7A /* Sources */ = {
			isa = PBXSourcesBuildPhase;
			buildActionMask = 2147483647;
			files = (
				CD9DA2012B76A97000F1EC7A /* colorgameTests.swift in Sources */,
			);
			runOnlyForDeploymentPostprocessing = 0;
		};
		CD9DA2022B76A97000F1EC7A /* Sources */ = {
			isa = PBXSourcesBuildPhase;
			buildActionMask = 2147483647;
			files = (
				CD9DA20D2B76A97100F1EC7A /* colorgameUITestsLaunchTests.swift in Sources */,
				CD9DA20B2B76A97100F1EC7A /* colorgameUITests.swift in Sources */,
			);
			runOnlyForDeploymentPostprocessing = 0;
		};
/* End PBXSourcesBuildPhase section */

/* Begin PBXTargetDependency section */
		CD9DA1FE2B76A97000F1EC7A /* PBXTargetDependency */ = {
			isa = PBXTargetDependency;
			target = CD9DA1EB2B76A96D00F1EC7A /* colorgame */;
			targetProxy = CD9DA1FD2B76A97000F1EC7A /* PBXContainerItemProxy */;
		};
		CD9DA2082B76A97100F1EC7A /* PBXTargetDependency */ = {
			isa = PBXTargetDependency;
			target = CD9DA1EB2B76A96D00F1EC7A /* colorgame */;
			targetProxy = CD9DA2072B76A97100F1EC7A /* PBXContainerItemProxy */;
		};
/* End PBXTargetDependency section */

/* Begin XCBuildConfiguration section */
		CD9DA20E2B76A97100F1EC7A /* Debug */ = {
			isa = XCBuildConfiguration;
			buildSettings = {
				ALWAYS_SEARCH_USER_PATHS = NO;
				ASSETCATALOG_COMPILER_GENERATE_SWIFT_ASSET_SYMBOL_EXTENSIONS = YES;
				CLANG_ANALYZER_NONNULL = YES;
				CLANG_ANALYZER_NUMBER_OBJECT_CONVERSION = YES_AGGRESSIVE;
				CLANG_CXX_LANGUAGE_STANDARD = "gnu++20";
				CLANG_ENABLE_MODULES = YES;
				CLANG_ENABLE_OBJC_ARC = YES;
				CLANG_ENABLE_OBJC_WEAK = YES;
				CLANG_WARN_BLOCK_CAPTURE_AUTORELEASING = YES;
				CLANG_WARN_BOOL_CONVERSION = YES;
				CLANG_WARN_COMMA = YES;
				CLANG_WARN_CONSTANT_CONVERSION = YES;
				CLANG_WARN_DEPRECATED_OBJC_IMPLEMENTATIONS = YES;
				CLANG_WARN_DIRECT_OBJC_ISA_USAGE = YES_ERROR;
				CLANG_WARN_DOCUMENTATION_COMMENTS = YES;
				CLANG_WARN_EMPTY_BODY = YES;
				CLANG_WARN_ENUM_CONVERSION = YES;
				CLANG_WARN_INFINITE_RECURSION = YES;
				CLANG_WARN_INT_CONVERSION = YES;
				CLANG_WARN_NON_LITERAL_NULL_CONVERSION = YES;
				CLANG_WARN_OBJC_IMPLICIT_RETAIN_SELF = YES;
				CLANG_WARN_OBJC_LITERAL_CONVERSION = YES;
				CLANG_WARN_OBJC_ROOT_CLASS = YES_ERROR;
				CLANG_WARN_QUOTED_INCLUDE_IN_FRAMEWORK_HEADER = YES;
				CLANG_WARN_RANGE_LOOP_ANALYSIS = YES;
				CLANG_WARN_STRICT_PROTOTYPES = YES;
				CLANG_WARN_SUSPICIOUS_MOVE = YES;
				CLANG_WARN_UNGUARDED_AVAILABILITY = YES_AGGRESSIVE;
				CLANG_WARN_UNREACHABLE_CODE = YES;
				CLANG_WARN__DUPLICATE_METHOD_MATCH = YES;
				COPY_PHASE_STRIP = NO;
				DEBUG_INFORMATION_FORMAT = dwarf;
				ENABLE_STRICT_OBJC_MSGSEND = YES;
				ENABLE_TESTABILITY = YES;
				ENABLE_USER_SCRIPT_SANDBOXING = YES;
				GCC_C_LANGUAGE_STANDARD = gnu17;
				GCC_DYNAMIC_NO_PIC = NO;
				GCC_NO_COMMON_BLOCKS = YES;
				GCC_OPTIMIZATION_LEVEL = 0;
				GCC_PREPROCESSOR_DEFINITIONS = (
					"DEBUG=1",
					"$(inherited)",
				);
				GCC_WARN_64_TO_32_BIT_CONVERSION = YES;
				GCC_WARN_ABOUT_RETURN_TYPE = YES_ERROR;
				GCC_WARN_UNDECLARED_SELECTOR = YES;
				GCC_WARN_UNINITIALIZED_AUTOS = YES_AGGRESSIVE;
				GCC_WARN_UNUSED_FUNCTION = YES;
				GCC_WARN_UNUSED_VARIABLE = YES;
				IPHONEOS_DEPLOYMENT_TARGET = 17.2;
				LOCALIZATION_PREFERS_STRING_CATALOGS = YES;
				MTL_ENABLE_DEBUG_INFO = INCLUDE_SOURCE;
				MTL_FAST_MATH = YES;
				ONLY_ACTIVE_ARCH = YES;
				SDKROOT = iphoneos;
				SWIFT_ACTIVE_COMPILATION_CONDITIONS = "DEBUG $(inherited)";
				SWIFT_OPTIMIZATION_LEVEL = "-Onone";
			};
			name = Debug;
		};
		CD9DA20F2B76A97100F1EC7A /* Release */ = {
			isa = XCBuildConfiguration;
			buildSettings = {
				ALWAYS_SEARCH_USER_PATHS = NO;
				ASSETCATALOG_COMPILER_GENERATE_SWIFT_ASSET_SYMBOL_EXTENSIONS = YES;
				CLANG_ANALYZER_NONNULL = YES;
				CLANG_ANALYZER_NUMBER_OBJECT_CONVERSION = YES_AGGRESSIVE;
				CLANG_CXX_LANGUAGE_STANDARD = "gnu++20";
				CLANG_ENABLE_MODULES = YES;
				CLANG_ENABLE_OBJC_ARC = YES;
				CLANG_ENABLE_OBJC_WEAK = YES;
				CLANG_WARN_BLOCK_CAPTURE_AUTORELEASING = YES;
				CLANG_WARN_BOOL_CONVERSION = YES;
				CLANG_WARN_COMMA = YES;
				CLANG_WARN_CONSTANT_CONVERSION = YES;
				CLANG_WARN_DEPRECATED_OBJC_IMPLEMENTATIONS = YES;
				CLANG_WARN_DIRECT_OBJC_ISA_USAGE = YES_ERROR;
				CLANG_WARN_DOCUMENTATION_COMMENTS = YES;
				CLANG_WARN_EMPTY_BODY = YES;
				CLANG_WARN_ENUM_CONVERSION = YES;
				CLANG_WARN_INFINITE_RECURSION = YES;
				CLANG_WARN_INT_CONVERSION = YES;
				CLANG_WARN_NON_LITERAL_NULL_CONVERSION = YES;
				CLANG_WARN_OBJC_IMPLICIT_RETAIN_SELF = YES;
				CLANG_WARN_OBJC_LITERAL_CONVERSION = YES;
				CLANG_WARN_OBJC_ROOT_CLASS = YES_ERROR;
				CLANG_WARN_QUOTED_INCLUDE_IN_FRAMEWORK_HEADER = YES;
				CLANG_WARN_RANGE_LOOP_ANALYSIS = YES;
				CLANG_WARN_STRICT_PROTOTYPES = YES;
				CLANG_WARN_SUSPICIOUS_MOVE = YES;
				CLANG_WARN_UNGUARDED_AVAILABILITY = YES_AGGRESSIVE;
				CLANG_WARN_UNREACHABLE_CODE = YES;
				CLANG_WARN__DUPLICATE_METHOD_MATCH = YES;
				COPY_PHASE_STRIP = NO;
				DEBUG_INFORMATION_FORMAT = "dwarf-with-dsym";
				ENABLE_NS_ASSERTIONS = NO;
				ENABLE_STRICT_OBJC_MSGSEND = YES;
				ENABLE_USER_SCRIPT_SANDBOXING = YES;
				GCC_C_LANGUAGE_STANDARD = gnu17;
				GCC_NO_COMMON_BLOCKS = YES;
				GCC_WARN_64_TO_32_BIT_CONVERSION = YES;
				GCC_WARN_ABOUT_RETURN_TYPE = YES_ERROR;
				GCC_WARN_UNDECLARED_SELECTOR = YES;
				GCC_WARN_UNINITIALIZED_AUTOS = YES_AGGRESSIVE;
				GCC_WARN_UNUSED_FUNCTION = YES;
				GCC_WARN_UNUSED_VARIABLE = YES;
				IPHONEOS_DEPLOYMENT_TARGET = 17.2;
				LOCALIZATION_PREFERS_STRING_CATALOGS = YES;
				MTL_ENABLE_DEBUG_INFO = NO;
				MTL_FAST_MATH = YES;
				SDKROOT = iphoneos;
				SWIFT_COMPILATION_MODE = wholemodule;
				VALIDATE_PRODUCT = YES;
			};
			name = Release;
		};
		CD9DA2112B76A97100F1EC7A /* Debug */ = {
			isa = XCBuildConfiguration;
			buildSettings = {
				ASSETCATALOG_COMPILER_APPICON_NAME = AppIcon;
				ASSETCATALOG_COMPILER_GLOBAL_ACCENT_COLOR_NAME = AccentColor;
				CODE_SIGN_STYLE = Automatic;
				CURRENT_PROJECT_VERSION = 1;
				DEVELOPMENT_ASSET_PATHS = "\"colorgame/Preview Content\"";
				ENABLE_PREVIEWS = YES;
				GENERATE_INFOPLIST_FILE = YES;
				INFOPLIST_KEY_UIApplicationSceneManifest_Generation = YES;
				INFOPLIST_KEY_UIApplicationSupportsIndirectInputEvents = YES;
				INFOPLIST_KEY_UILaunchScreen_Generation = YES;
				INFOPLIST_KEY_UISupportedInterfaceOrientations_iPad = "UIInterfaceOrientationPortrait UIInterfaceOrientationPortraitUpsideDown UIInterfaceOrientationLandscapeLeft UIInterfaceOrientationLandscapeRight";
				INFOPLIST_KEY_UISupportedInterfaceOrientations_iPhone = "UIInterfaceOrientationPortrait UIInterfaceOrientationLandscapeLeft UIInterfaceOrientationLandscapeRight";
				LD_RUNPATH_SEARCH_PATHS = (
					"$(inherited)",
					"@executable_path/Frameworks",
				);
				MARKETING_VERSION = 1.0;
				PRODUCT_BUNDLE_IDENTIFIER = none.colorgame;
				PRODUCT_NAME = "$(TARGET_NAME)";
				SWIFT_EMIT_LOC_STRINGS = YES;
				SWIFT_VERSION = 5.0;
				TARGETED_DEVICE_FAMILY = "1,2";
			};
			name = Debug;
		};
		CD9DA2122B76A97100F1EC7A /* Release */ = {
			isa = XCBuildConfiguration;
			buildSettings = {
				ASSETCATALOG_COMPILER_APPICON_NAME = AppIcon;
				ASSETCATALOG_COMPILER_GLOBAL_ACCENT_COLOR_NAME = AccentColor;
				CODE_SIGN_STYLE = Automatic;
				CURRENT_PROJECT_VERSION = 1;
				DEVELOPMENT_ASSET_PATHS = "\"colorgame/Preview Content\"";
				ENABLE_PREVIEWS = YES;
				GENERATE_INFOPLIST_FILE = YES;
				INFOPLIST_KEY_UIApplicationSceneManifest_Generation = YES;
				INFOPLIST_KEY_UIApplicationSupportsIndirectInputEvents = YES;
				INFOPLIST_KEY_UILaunchScreen_Generation = YES;
				INFOPLIST_KEY_UISupportedInterfaceOrientations_iPad = "UIInterfaceOrientationPortrait UIInterfaceOrientationPortraitUpsideDown UIInterfaceOrientationLandscapeLeft UIInterfaceOrientationLandscapeRight";
				INFOPLIST_KEY_UISupportedInterfaceOrientations_iPhone = "UIInterfaceOrientationPortrait UIInterfaceOrientationLandscapeLeft UIInterfaceOrientationLandscapeRight";
				LD_RUNPATH_SEARCH_PATHS = (
					"$(inherited)",
					"@executable_path/Frameworks",
				);
				MARKETING_VERSION = 1.0;
				PRODUCT_BUNDLE_IDENTIFIER = none.colorgame;
				PRODUCT_NAME = "$(TARGET_NAME)";
				SWIFT_EMIT_LOC_STRINGS = YES;
				SWIFT_VERSION = 5.0;
				TARGETED_DEVICE_FAMILY = "1,2";
			};
			name = Release;
		};
		CD9DA2142B76A97100F1EC7A /* Debug */ = {
			isa = XCBuildConfiguration;
			buildSettings = {
				ALWAYS_EMBED_SWIFT_STANDARD_LIBRARIES = YES;
				BUNDLE_LOADER = "$(TEST_HOST)";
				CODE_SIGN_STYLE = Automatic;
				CURRENT_PROJECT_VERSION = 1;
				GENERATE_INFOPLIST_FILE = YES;
				IPHONEOS_DEPLOYMENT_TARGET = 17.2;
				MARKETING_VERSION = 1.0;
				PRODUCT_BUNDLE_IDENTIFIER = none.colorgameTests;
				PRODUCT_NAME = "$(TARGET_NAME)";
				SWIFT_EMIT_LOC_STRINGS = NO;
				SWIFT_VERSION = 5.0;
				TARGETED_DEVICE_FAMILY = "1,2";
				TEST_HOST = "$(BUILT_PRODUCTS_DIR)/colorgame.app/$(BUNDLE_EXECUTABLE_FOLDER_PATH)/colorgame";
			};
			name = Debug;
		};
		CD9DA2152B76A97100F1EC7A /* Release */ = {
			isa = XCBuildConfiguration;
			buildSettings = {
				ALWAYS_EMBED_SWIFT_STANDARD_LIBRARIES = YES;
				BUNDLE_LOADER = "$(TEST_HOST)";
				CODE_SIGN_STYLE = Automatic;
				CURRENT_PROJECT_VERSION = 1;
				GENERATE_INFOPLIST_FILE = YES;
				IPHONEOS_DEPLOYMENT_TARGET = 17.2;
				MARKETING_VERSION = 1.0;
				PRODUCT_BUNDLE_IDENTIFIER = none.colorgameTests;
				PRODUCT_NAME = "$(TARGET_NAME)";
				SWIFT_EMIT_LOC_STRINGS = NO;
				SWIFT_VERSION = 5.0;
				TARGETED_DEVICE_FAMILY = "1,2";
				TEST_HOST = "$(BUILT_PRODUCTS_DIR)/colorgame.app/$(BUNDLE_EXECUTABLE_FOLDER_PATH)/colorgame";
			};
			name = Release;
		};
		CD9DA2172B76A97100F1EC7A /* Debug */ = {
			isa = XCBuildConfiguration;
			buildSettings = {
				ALWAYS_EMBED_SWIFT_STANDARD_LIBRARIES = YES;
				CODE_SIGN_STYLE = Automatic;
				CURRENT_PROJECT_VERSION = 1;
				GENERATE_INFOPLIST_FILE = YES;
				MARKETING_VERSION = 1.0;
				PRODUCT_BUNDLE_IDENTIFIER = none.colorgameUITests;
				PRODUCT_NAME = "$(TARGET_NAME)";
				SWIFT_EMIT_LOC_STRINGS = NO;
				SWIFT_VERSION = 5.0;
				TARGETED_DEVICE_FAMILY = "1,2";
				TEST_TARGET_NAME = colorgame;
			};
			name = Debug;
		};
		CD9DA2182B76A97100F1EC7A /* Release */ = {
			isa = XCBuildConfiguration;
			buildSettings = {
				ALWAYS_EMBED_SWIFT_STANDARD_LIBRARIES = YES;
				CODE_SIGN_STYLE = Automatic;
				CURRENT_PROJECT_VERSION = 1;
				GENERATE_INFOPLIST_FILE = YES;
				MARKETING_VERSION = 1.0;
				PRODUCT_BUNDLE_IDENTIFIER = none.colorgameUITests;
				PRODUCT_NAME = "$(TARGET_NAME)";
				SWIFT_EMIT_LOC_STRINGS = NO;
				SWIFT_VERSION = 5.0;
				TARGETED_DEVICE_FAMILY = "1,2";
				TEST_TARGET_NAME = colorgame;
			};
			name = Release;
		};
/* End XCBuildConfiguration section */

/* Begin XCConfigurationList section */
		CD9DA1E72B76A96D00F1EC7A /* Build configuration list for PBXProject "colorgame" */ = {
			isa = XCConfigurationList;
			buildConfigurations = (
				CD9DA20E2B76A97100F1EC7A /* Debug */,
				CD9DA20F2B76A97100F1EC7A /* Release */,
			);
			defaultConfigurationIsVisible = 0;
			defaultConfigurationName = Release;
		};
		CD9DA2102B76A97100F1EC7A /* Build configuration list for PBXNativeTarget "colorgame" */ = {
			isa = XCConfigurationList;
			buildConfigurations = (
				CD9DA2112B76A97100F1EC7A /* Debug */,
				CD9DA2122B76A97100F1EC7A /* Release */,
			);
			defaultConfigurationIsVisible = 0;
			defaultConfigurationName = Release;
		};
		CD9DA2132B76A97100F1EC7A /* Build configuration list for PBXNativeTarget "colorgameTests" */ = {
			isa = XCConfigurationList;
			buildConfigurations = (
				CD9DA2142B76A97100F1EC7A /* Debug */,
				CD9DA2152B76A97100F1EC7A /* Release */,
			);
			defaultConfigurationIsVisible = 0;
			defaultConfigurationName = Release;
		};
		CD9DA2162B76A97100F1EC7A /* Build configuration list for PBXNativeTarget "colorgameUITests" */ = {
			isa = XCConfigurationList;
			buildConfigurations = (
				CD9DA2172B76A97100F1EC7A /* Debug */,
				CD9DA2182B76A97100F1EC7A /* Release */,
			);
			defaultConfigurationIsVisible = 0;
			defaultConfigurationName = Release;
		};
/* End XCConfigurationList section */
	};
	rootObject = CD9DA1E42B76A96D00F1EC7A /* Project object */;
}
